{
  "version": 4,
  "terraform_version": "1.3.9",
  "serial": 2,
  "lineage": "b685c933-2bbc-e87e-2a2e-4b09c6af4c60",
  "outputs": {
    "vpc_id": {
      "value": "vpc-03595622baa522f37",
      "type": "string"
    }
  },
  "resources": [
    {
      "mode": "managed",
      "type": "aws_vpc",
      "name": "cloudbinary_vpc",
      "provider": "provider[\"registry.terraform.io/hashicorp/aws\"]",
      "instances": [
        {
          "schema_version": 1,
          "attributes": {
            "arn": "arn:aws:ec2:us-east-1:420815905200:vpc/vpc-03595622baa522f37",
            "assign_generated_ipv6_cidr_block": false,
            "cidr_block": "10.0.0.0/16",
            "default_network_acl_id": "acl-08495bef11cb3ee02",
            "default_route_table_id": "rtb-07426c9896f486052",
            "default_security_group_id": "sg-0fa58bd7afb4023b1",
            "dhcp_options_id": "dopt-0ba35b324a0394175",
            "enable_classiclink": false,
            "enable_classiclink_dns_support": false,
            "enable_dns_hostnames": true,
            "enable_dns_support": true,
            "enable_network_address_usage_metrics": false,
            "id": "vpc-03595622baa522f37",
            "instance_tenancy": "default",
            "ipv4_ipam_pool_id": null,
            "ipv4_netmask_length": null,
            "ipv6_association_id": "",
            "ipv6_cidr_block": "",
            "ipv6_cidr_block_network_border_group": "",
            "ipv6_ipam_pool_id": "",
            "ipv6_netmask_length": 0,
            "main_route_table_id": "rtb-07426c9896f486052",
            "owner_id": "420815905200",
            "tags": {
              "Created_By": "Terraform",
              "Name": "cloudbinary_vpc"
            },
            "tags_all": {
              "Created_By": "Terraform",
              "Name": "cloudbinary_vpc"
            }
          },
          "sensitive_attributes": [],
          "private": "eyJzY2hlbWFfdmVyc2lvbiI6IjEifQ=="
        }
      ]
    }
  ],
  "check_results": null
}
